
Microsoft Visual Studio Solution File, Format Version 12.00
# Visual Studio Version 16
VisualStudioVersion = 16.0.31112.23
MinimumVisualStudioVersion = 10.0.40219.1
Project("{FAE04EC0-301F-11D3-BF4B-00C04F79EFBC}") = "InvoiceApi", "InvoiceApi\InvoiceApi.csproj", "{968EB6CC-92E6-4AB9-81BE-CE5A71B13C98}"
EndProject
Project("{FAE04EC0-301F-11D3-BF4B-00C04F79EFBC}") = "InvoiceApi.Database", "InvoiceApi.Database\InvoiceApi.Database.csproj", "{672EAC6B-D207-47E8-98BD-488378BBF621}"
EndProject
Project("{FAE04EC0-301F-11D3-BF4B-00C04F79EFBC}") = "InvoiceApi.Common", "InvoiceApi.Common\InvoiceApi.Common.csproj", "{2762A3EB-0DA3-4C58-8F91-4F1DAAA76FAA}"
EndProject
Global
	GlobalSection(SolutionConfigurationPlatforms) = preSolution
		Debug|Any CPU = Debug|Any CPU
		Release|Any CPU = Release|Any CPU
	EndGlobalSection
	GlobalSection(ProjectConfigurationPlatforms) = postSolution
		{968EB6CC-92E6-4AB9-81BE-CE5A71B13C98}.Debug|Any CPU.ActiveCfg = Debug|Any CPU
		{968EB6CC-92E6-4AB9-81BE-CE5A71B13C98}.Debug|Any CPU.Build.0 = Debug|Any CPU
		{968EB6CC-92E6-4AB9-81BE-CE5A71B13C98}.Release|Any CPU.ActiveCfg = Release|Any CPU
		{968EB6CC-92E6-4AB9-81BE-CE5A71B13C98}.Release|Any CPU.Build.0 = Release|Any CPU
		{672EAC6B-D207-47E8-98BD-488378BBF621}.Debug|Any CPU.ActiveCfg = Debug|Any CPU
		{672EAC6B-D207-47E8-98BD-488378BBF621}.Debug|Any CPU.Build.0 = Debug|Any CPU
		{672EAC6B-D207-47E8-98BD-488378BBF621}.Release|Any CPU.ActiveCfg = Release|Any CPU
		{672EAC6B-D207-47E8-98BD-488378BBF621}.Release|Any CPU.Build.0 = Release|Any CPU
		{2762A3EB-0DA3-4C58-8F91-4F1DAAA76FAA}.Debug|Any CPU.ActiveCfg = Debug|Any CPU
		{2762A3EB-0DA3-4C58-8F91-4F1DAAA76FAA}.Debug|Any CPU.Build.0 = Debug|Any CPU
		{2762A3EB-0DA3-4C58-8F91-4F1DAAA76FAA}.Release|Any CPU.ActiveCfg = Release|Any CPU
		{2762A3EB-0DA3-4C58-8F91-4F1DAAA76FAA}.Release|Any CPU.Build.0 = Release|Any CPU
	EndGlobalSection
	GlobalSection(SolutionProperties) = preSolution
		HideSolutionNode = FALSE
	EndGlobalSection
	GlobalSection(ExtensibilityGlobals) = postSolution
		SolutionGuid = {66475CC6-3F12-49EA-AC8B-03D6BB2CA611}
	EndGlobalSection
EndGlobal
